// !$*UTF8*$!
{
	archiveVersion = 1;
	classes = {
	};
	objectVersion = 56;
	objects = {

/* Begin PBXBuildFile section */
		347ED5682EA404B600CD7172 /* CompanionTools.swift in Sources */ = {isa = PBXBuildFile; fileRef = 347ED5632EA404B600CD7172 /* CompanionTools.swift */; };
		347ED56A2EA404B600CD7172 /* AIManager.swift in Sources */ = {isa = PBXBuildFile; fileRef = 347ED55F2EA404B600CD7172 /* AIManager.swift */; };
		347ED56B2EA404B600CD7172 /* CompanionOrchestrator.swift in Sources */ = {isa = PBXBuildFile; fileRef = 347ED5622EA404B600CD7172 /* CompanionOrchestrator.swift */; };
		347ED56D2EA404B600CD7172 /* AIProvider.swift in Sources */ = {isa = PBXBuildFile; fileRef = 347ED5602EA404B600CD7172 /* AIProvider.swift */; };
		347ED56E2EA404B600CD7172 /* CloudAIProvider.swift in Sources */ = {isa = PBXBuildFile; fileRef = 347ED5612EA404B600CD7172 /* CloudAIProvider.swift */; };
		347ED5702EA404B600CD7172 /* MemorySystems.swift in Sources */ = {isa = PBXBuildFile; fileRef = 347ED5652EA404B600CD7172 /* MemorySystems.swift */; };
		347ED5DB2EA41B2F00CD7172 /* OpenAIProvider.swift in Sources */ = {isa = PBXBuildFile; fileRef = 347ED5DC2EA41B2F00CD7172 /* OpenAIProvider.swift */; };
		347ED5DD2EA41B2F00CD7172 /* RuleBasedAIProvider.swift in Sources */ = {isa = PBXBuildFile; fileRef = 347ED5DE2EA41B2F00CD7172 /* RuleBasedAIProvider.swift */; };
		A1234567890ABCDEF001 /* CompanionApp.swift in Sources */ = {isa = PBXBuildFile; fileRef = A1234567890ABCDEF002 /* CompanionApp.swift */; };
		A1234567890ABCDEF003 /* CompanionManager.swift in Sources */ = {isa = PBXBuildFile; fileRef = A1234567890ABCDEF004 /* CompanionManager.swift */; };
		A1234567890ABCDEF005 /* Companion3DModel.swift in Sources */ = {isa = PBXBuildFile; fileRef = A1234567890ABCDEF006 /* Companion3DModel.swift */; };
		A1234567890ABCDEF007 /* CompanionAI.swift in Sources */ = {isa = PBXBuildFile; fileRef = A1234567890ABCDEF008 /* CompanionAI.swift */; };
		A1234567890ABCDEF011 /* Assets.xcassets in Resources */ = {isa = PBXBuildFile; fileRef = A1234567890ABCDEF012 /* Assets.xcassets */; };
/* End PBXBuildFile section */

/* Begin PBXFileReference section */
		347ED55F2EA404B600CD7172 /* AIManager.swift */ = {isa = PBXFileReference; lastKnownFileType = sourcecode.swift; path = AIManager.swift; sourceTree = "<group>"; };
		347ED5602EA404B600CD7172 /* AIProvider.swift */ = {isa = PBXFileReference; lastKnownFileType = sourcecode.swift; path = AIProvider.swift; sourceTree = "<group>"; };
		347ED5612EA404B600CD7172 /* CloudAIProvider.swift */ = {isa = PBXFileReference; lastKnownFileType = sourcecode.swift; path = CloudAIProvider.swift; sourceTree = "<group>"; };
		347ED5622EA404B600CD7172 /* CompanionOrchestrator.swift */ = {isa = PBXFileReference; lastKnownFileType = sourcecode.swift; path = CompanionOrchestrator.swift; sourceTree = "<group>"; };
		347ED5632EA404B600CD7172 /* CompanionTools.swift */ = {isa = PBXFileReference; lastKnownFileType = sourcecode.swift; path = CompanionTools.swift; sourceTree = "<group>"; };
		347ED5652EA404B600CD7172 /* MemorySystems.swift */ = {isa = PBXFileReference; lastKnownFileType = sourcecode.swift; path = MemorySystems.swift; sourceTree = "<group>"; };
		347ED5DC2EA41B2F00CD7172 /* OpenAIProvider.swift */ = {isa = PBXFileReference; lastKnownFileType = sourcecode.swift; path = OpenAIProvider.swift; sourceTree = "<group>"; };
		347ED5DE2EA41B2F00CD7172 /* RuleBasedAIProvider.swift */ = {isa = PBXFileReference; lastKnownFileType = sourcecode.swift; path = RuleBasedAIProvider.swift; sourceTree = "<group>"; };
		A1234567890ABCDEF002 /* CompanionApp.swift */ = {isa = PBXFileReference; lastKnownFileType = sourcecode.swift; path = CompanionApp.swift; sourceTree = "<group>"; };
		A1234567890ABCDEF004 /* CompanionManager.swift */ = {isa = PBXFileReference; lastKnownFileType = sourcecode.swift; path = CompanionManager.swift; sourceTree = "<group>"; };
		A1234567890ABCDEF006 /* Companion3DModel.swift */ = {isa = PBXFileReference; lastKnownFileType = sourcecode.swift; path = Companion3DModel.swift; sourceTree = "<group>"; };
		A1234567890ABCDEF008 /* CompanionAI.swift */ = {isa = PBXFileReference; lastKnownFileType = sourcecode.swift; path = CompanionAI.swift; sourceTree = "<group>"; };
		A1234567890ABCDEF010 /* Info.plist */ = {isa = PBXFileReference; lastKnownFileType = text.plist.xml; path = Info.plist; sourceTree = "<group>"; };
		A1234567890ABCDEF012 /* Assets.xcassets */ = {isa = PBXFileReference; lastKnownFileType = folder.assetcatalog; path = Assets.xcassets; sourceTree = "<group>"; };
		A1234567890ABCDEF013 /* Companion.app */ = {isa = PBXFileReference; explicitFileType = wrapper.application; includeInIndex = 0; path = Companion.app; sourceTree = BUILT_PRODUCTS_DIR; };
/* End PBXFileReference section */

/* Begin PBXFrameworksBuildPhase section */
		A1234567890ABCDEF014 /* Frameworks */ = {
			isa = PBXFrameworksBuildPhase;
			buildActionMask = 2147483647;
			files = (
			);
			runOnlyForDeploymentPostprocessing = 0;
		};
/* End PBXFrameworksBuildPhase section */

/* Begin PBXGroup section */
		A1234567890ABCDEF015 = {
			isa = PBXGroup;
			children = (
				A1234567890ABCDEF016 /* Companion */,
				A1234567890ABCDEF017 /* Products */,
			);
			sourceTree = "<group>";
		};
		A1234567890ABCDEF016 /* Companion */ = {
			isa = PBXGroup;
			children = (
				347ED5DC2EA41B2F00CD7172 /* OpenAIProvider.swift */,
				347ED5DE2EA41B2F00CD7172 /* RuleBasedAIProvider.swift */,
				347ED55F2EA404B600CD7172 /* AIManager.swift */,
				347ED5602EA404B600CD7172 /* AIProvider.swift */,
				347ED5612EA404B600CD7172 /* CloudAIProvider.swift */,
				347ED5622EA404B600CD7172 /* CompanionOrchestrator.swift */,
				347ED5632EA404B600CD7172 /* CompanionTools.swift */,
				347ED5652EA404B600CD7172 /* MemorySystems.swift */,
				A1234567890ABCDEF002 /* CompanionApp.swift */,
				A1234567890ABCDEF004 /* CompanionManager.swift */,
				A1234567890ABCDEF006 /* Companion3DModel.swift */,
				A1234567890ABCDEF008 /* CompanionAI.swift */,
				A1234567890ABCDEF010 /* Info.plist */,
				A1234567890ABCDEF012 /* Assets.xcassets */,
			);
			path = Companion;
			sourceTree = "<group>";
		};
		A1234567890ABCDEF017 /* Products */ = {
			isa = PBXGroup;
			children = (
				A1234567890ABCDEF013 /* Companion.app */,
			);
			name = Products;
			sourceTree = "<group>";
		};
/* End PBXGroup section */

/* Begin PBXNativeTarget section */
		A1234567890ABCDEF018 /* Companion */ = {
			isa = PBXNativeTarget;
			buildConfigurationList = A1234567890ABCDEF019 /* Build configuration list for PBXNativeTarget "Companion" */;
			buildPhases = (
				A1234567890ABCDEF020 /* Sources */,
				A1234567890ABCDEF014 /* Frameworks */,
				A1234567890ABCDEF021 /* Resources */,
			);
			buildRules = (
			);
			dependencies = (
			);
			name = Companion;
			productName = Companion;
			productReference = A1234567890ABCDEF013 /* Companion.app */;
			productType = "com.apple.product-type.application";
		};
/* End PBXNativeTarget section */

/* Begin PBXProject section */
		A1234567890ABCDEF022 /* Project object */ = {
			isa = PBXProject;
			attributes = {
				BuildIndependentTargetsInParallel = 1;
				LastSwiftUpdateCheck = 1500;
				LastUpgradeCheck = 1500;
				TargetAttributes = {
					A1234567890ABCDEF018 = {
						CreatedOnToolsVersion = 15.0;
					};
				};
			};
			buildConfigurationList = A1234567890ABCDEF023 /* Build configuration list for PBXProject "Companion" */;
			compatibilityVersion = "Xcode 14.0";
			developmentRegion = en;
			hasScannedForEncodings = 0;
			knownRegions = (
				en,
				Base,
			);
			mainGroup = A1234567890ABCDEF015;
			productRefGroup = A1234567890ABCDEF017 /* Products */;
			projectDirPath = "";
			projectRoot = "";
			targets = (
				A1234567890ABCDEF018 /* Companion */,
			);
		};
/* End PBXProject section */

/* Begin PBXResourcesBuildPhase section */
		A1234567890ABCDEF021 /* Resources */ = {
			isa = PBXResourcesBuildPhase;
			buildActionMask = 2147483647;
			files = (
				A1234567890ABCDEF011 /* Assets.xcassets in Resources */,
			);
			runOnlyForDeploymentPostprocessing = 0;
		};
/* End PBXResourcesBuildPhase section */

/* Begin PBXSourcesBuildPhase section */
		A1234567890ABCDEF020 /* Sources */ = {
			isa = PBXSourcesBuildPhase;
			buildActionMask = 2147483647;
			files = (
				A1234567890ABCDEF001 /* CompanionApp.swift in Sources */,
				A1234567890ABCDEF003 /* CompanionManager.swift in Sources */,
				A1234567890ABCDEF005 /* Companion3DModel.swift in Sources */,
				347ED5682EA404B600CD7172 /* CompanionTools.swift in Sources */,
				347ED56A2EA404B600CD7172 /* AIManager.swift in Sources */,
				347ED56B2EA404B600CD7172 /* CompanionOrchestrator.swift in Sources */,
				347ED5DB2EA41B2F00CD7172 /* OpenAIProvider.swift in Sources */,
				347ED5DD2EA41B2F00CD7172 /* RuleBasedAIProvider.swift in Sources */,
				347ED56D2EA404B600CD7172 /* AIProvider.swift in Sources */,
				347ED56E2EA404B600CD7172 /* CloudAIProvider.swift in Sources */,
				347ED5702EA404B600CD7172 /* MemorySystems.swift in Sources */,
				A1234567890ABCDEF007 /* CompanionAI.swift in Sources */,
			);
			runOnlyForDeploymentPostprocessing = 0;
		};
/* End PBXSourcesBuildPhase section */

/* Begin XCBuildConfiguration section */
		A1234567890ABCDEF024 /* Debug */ = {
			isa = XCBuildConfiguration;
			buildSettings = {
				ALWAYS_SEARCH_USER_PATHS = NO;
				ASSETCATALOG_COMPILER_GENERATE_SWIFT_ASSET_SYMBOL_EXTENSIONS = YES;
				CLANG_ANALYZER_NONNULL = YES;
				CLANG_ANALYZER_NUMBER_OBJECT_CONVERSION = YES_AGGRESSIVE;
				CLANG_CXX_LANGUAGE_STANDARD = "gnu++20";
				CLANG_ENABLE_MODULES = YES;
				CLANG_ENABLE_OBJC_ARC = YES;
				CLANG_ENABLE_OBJC_WEAK = YES;
				CLANG_WARN_BLOCK_CAPTURE_AUTORELEASING = YES;
				CLANG_WARN_BOOL_CONVERSION = YES;
				CLANG_WARN_COMMA = YES;
				CLANG_WARN_CONSTANT_CONVERSION = YES;
				CLANG_WARN_DEPRECATED_OBJC_IMPLEMENTATIONS = YES;
				CLANG_WARN_DIRECT_OBJC_ISA_USAGE = YES_ERROR;
				CLANG_WARN_DOCUMENTATION_COMMENTS = YES;
				CLANG_WARN_EMPTY_BODY = YES;
				CLANG_WARN_ENUM_CONVERSION = YES;
				CLANG_WARN_INFINITE_RECURSION = YES;
				CLANG_WARN_INT_CONVERSION = YES;
				CLANG_WARN_NON_LITERAL_NULL_CONVERSION = YES;
				CLANG_WARN_OBJC_IMPLICIT_RETAIN_SELF = YES;
				CLANG_WARN_OBJC_LITERAL_CONVERSION = YES;
				CLANG_WARN_OBJC_ROOT_CLASS = YES_ERROR;
				CLANG_WARN_QUOTED_INCLUDE_IN_FRAMEWORK_HEADER = YES;
				CLANG_WARN_RANGE_LOOP_ANALYSIS = YES;
				CLANG_WARN_STRICT_PROTOTYPES = YES;
				CLANG_WARN_SUSPICIOUS_MOVE = YES;
				CLANG_WARN_UNGUARDED_AVAILABILITY = YES_AGGRESSIVE;
				CLANG_WARN_UNREACHABLE_CODE = YES;
				CLANG_WARN__DUPLICATE_METHOD_MATCH = YES;
				COPY_PHASE_STRIP = NO;
				DEBUG_INFORMATION_FORMAT = dwarf;
				ENABLE_STRICT_OBJC_MSGSEND = YES;
				ENABLE_TESTABILITY = YES;
				ENABLE_USER_SCRIPT_SANDBOXING = YES;
				GCC_C_LANGUAGE_STANDARD = gnu17;
				GCC_DYNAMIC_NO_PIC = NO;
				GCC_NO_COMMON_BLOCKS = YES;
				GCC_OPTIMIZATION_LEVEL = 0;
				GCC_PREPROCESSOR_DEFINITIONS = (
					"DEBUG=1",
					"$(inherited)",
				);
				GCC_WARN_64_TO_32_BIT_CONVERSION = YES;
				GCC_WARN_ABOUT_RETURN_TYPE = YES_ERROR;
				GCC_WARN_UNDECLARED_SELECTOR = YES;
				GCC_WARN_UNINITIALIZED_AUTOS = YES_AGGRESSIVE;
				GCC_WARN_UNUSED_FUNCTION = YES;
				GCC_WARN_UNUSED_VARIABLE = YES;
				IPHONEOS_DEPLOYMENT_TARGET = 15.0;
				LOCALIZATION_PREFERS_STRING_CATALOGS = YES;
				MACOSX_DEPLOYMENT_TARGET = 15.0;
				MTL_ENABLE_DEBUG_INFO = INCLUDE_SOURCE;
				MTL_FAST_MATH = YES;
				ONLY_ACTIVE_ARCH = YES;
				SDKROOT = auto;
				SWIFT_ACTIVE_COMPILATION_CONDITIONS = "DEBUG $(inherited)";
				SWIFT_OPTIMIZATION_LEVEL = "-Onone";
			};
			name = Debug;
		};
		A1234567890ABCDEF025 /* Release */ = {
			isa = XCBuildConfiguration;
			buildSettings = {
				ALWAYS_SEARCH_USER_PATHS = NO;
				ASSETCATALOG_COMPILER_GENERATE_SWIFT_ASSET_SYMBOL_EXTENSIONS = YES;
				CLANG_ANALYZER_NONNULL = YES;
				CLANG_ANALYZER_NUMBER_OBJECT_CONVERSION = YES_AGGRESSIVE;
				CLANG_CXX_LANGUAGE_STANDARD = "gnu++20";
				CLANG_ENABLE_MODULES = YES;
				CLANG_ENABLE_OBJC_ARC = YES;
				CLANG_ENABLE_OBJC_WEAK = YES;
				CLANG_WARN_BLOCK_CAPTURE_AUTORELEASING = YES;
				CLANG_WARN_BOOL_CONVERSION = YES;
				CLANG_WARN_COMMA = YES;
				CLANG_WARN_CONSTANT_CONVERSION = YES;
				CLANG_WARN_DEPRECATED_OBJC_IMPLEMENTATIONS = YES;
				CLANG_WARN_DIRECT_OBJC_ISA_USAGE = YES_ERROR;
				CLANG_WARN_DOCUMENTATION_COMMENTS = YES;
				CLANG_WARN_EMPTY_BODY = YES;
				CLANG_WARN_ENUM_CONVERSION = YES;
				CLANG_WARN_INFINITE_RECURSION = YES;
				CLANG_WARN_INT_CONVERSION = YES;
				CLANG_WARN_NON_LITERAL_NULL_CONVERSION = YES;
				CLANG_WARN_OBJC_IMPLICIT_RETAIN_SELF = YES;
				CLANG_WARN_OBJC_LITERAL_CONVERSION = YES;
				CLANG_WARN_OBJC_ROOT_CLASS = YES_ERROR;
				CLANG_WARN_QUOTED_INCLUDE_IN_FRAMEWORK_HEADER = YES;
				CLANG_WARN_RANGE_LOOP_ANALYSIS = YES;
				CLANG_WARN_STRICT_PROTOTYPES = YES;
				CLANG_WARN_SUSPICIOUS_MOVE = YES;
				CLANG_WARN_UNGUARDED_AVAILABILITY = YES_AGGRESSIVE;
				CLANG_WARN_UNREACHABLE_CODE = YES;
				CLANG_WARN__DUPLICATE_METHOD_MATCH = YES;
				COPY_PHASE_STRIP = NO;
				DEBUG_INFORMATION_FORMAT = "dwarf-with-dsym";
				ENABLE_NS_ASSERTIONS = NO;
				ENABLE_STRICT_OBJC_MSGSEND = YES;
				ENABLE_USER_SCRIPT_SANDBOXING = YES;
				GCC_C_LANGUAGE_STANDARD = gnu17;
				GCC_NO_COMMON_BLOCKS = YES;
				GCC_WARN_64_TO_32_BIT_CONVERSION = YES;
				GCC_WARN_ABOUT_RETURN_TYPE = YES_ERROR;
				GCC_WARN_UNDECLARED_SELECTOR = YES;
				GCC_WARN_UNINITIALIZED_AUTOS = YES_AGGRESSIVE;
				GCC_WARN_UNUSED_FUNCTION = YES;
				GCC_WARN_UNUSED_VARIABLE = YES;
				IPHONEOS_DEPLOYMENT_TARGET = 15.0;
				LOCALIZATION_PREFERS_STRING_CATALOGS = YES;
				MACOSX_DEPLOYMENT_TARGET = 15.0;
				MTL_ENABLE_DEBUG_INFO = NO;
				MTL_FAST_MATH = YES;
				SDKROOT = auto;
				SWIFT_COMPILATION_MODE = wholemodule;
				VALIDATE_PRODUCT = YES;
			};
			name = Release;
		};
		A1234567890ABCDEF026 /* Debug */ = {
			isa = XCBuildConfiguration;
			buildSettings = {
				ASSETCATALOG_COMPILER_APPICON_NAME = AppIcon;
				ASSETCATALOG_COMPILER_GLOBAL_ACCENT_COLOR_NAME = AccentColor;
				CODE_SIGN_STYLE = Automatic;
				CURRENT_PROJECT_VERSION = 1;
				DEVELOPMENT_ASSET_PATHS = "\"Companion/Preview Content\"";
				ENABLE_PREVIEWS = YES;
				GENERATE_INFOPLIST_FILE = NO;
				INFOPLIST_FILE = Companion/Info.plist;
				INFOPLIST_KEY_NSMicrophoneUsageDescription = "This app needs microphone access to listen to your voice and respond.";
				INFOPLIST_KEY_NSSpeechRecognitionUsageDescription = "This app uses speech recognition to understand your voice commands and conversations.";
				INFOPLIST_KEY_UIApplicationSceneManifest_Generation = YES;
				INFOPLIST_KEY_UIApplicationSupportsIndirectInputEvents = YES;
				INFOPLIST_KEY_UILaunchScreen_Generation = YES;
				INFOPLIST_KEY_UISupportedInterfaceOrientations_iPad = "UIInterfaceOrientationPortrait UIInterfaceOrientationPortraitUpsideDown UIInterfaceOrientationLandscapeLeft UIInterfaceOrientationLandscapeRight";
				INFOPLIST_KEY_UISupportedInterfaceOrientations_iPhone = "UIInterfaceOrientationPortrait UIInterfaceOrientationLandscapeLeft UIInterfaceOrientationLandscapeRight";
				LD_RUNPATH_SEARCH_PATHS = (
					"$(inherited)",
					"@executable_path/Frameworks",
				);
				MARKETING_VERSION = 1.0;
				PRODUCT_BUNDLE_IDENTIFIER = com.yourcompany.companion;
				PRODUCT_NAME = "$(TARGET_NAME)";
				SUPPORTED_PLATFORMS = "iphoneos iphonesimulator macosx";
				SUPPORTS_MACCATALYST = YES;
				SUPPORTS_MAC_DESIGNED_FOR_IPHONE_IPAD = NO;
				SWIFT_EMIT_LOC_STRINGS = YES;
				SWIFT_VERSION = 5.0;
				TARGETED_DEVICE_FAMILY = "1,2,6";
			};
			name = Debug;
		};
		A1234567890ABCDEF027 /* Release */ = {
			isa = XCBuildConfiguration;
			buildSettings = {
				ASSETCATALOG_COMPILER_APPICON_NAME = AppIcon;
				ASSETCATALOG_COMPILER_GLOBAL_ACCENT_COLOR_NAME = AccentColor;
				CODE_SIGN_STYLE = Automatic;
				CURRENT_PROJECT_VERSION = 1;
				DEVELOPMENT_ASSET_PATHS = "\"Companion/Preview Content\"";
				ENABLE_PREVIEWS = YES;
				GENERATE_INFOPLIST_FILE = NO;
				INFOPLIST_FILE = Companion/Info.plist;
				INFOPLIST_KEY_NSMicrophoneUsageDescription = "This app needs microphone access to listen to your voice and respond.";
				INFOPLIST_KEY_NSSpeechRecognitionUsageDescription = "This app uses speech recognition to understand your voice commands and conversations.";
				INFOPLIST_KEY_UIApplicationSceneManifest_Generation = YES;
				INFOPLIST_KEY_UIApplicationSupportsIndirectInputEvents = YES;
				INFOPLIST_KEY_UILaunchScreen_Generation = YES;
				INFOPLIST_KEY_UISupportedInterfaceOrientations_iPad = "UIInterfaceOrientationPortrait UIInterfaceOrientationPortraitUpsideDown UIInterfaceOrientationLandscapeLeft UIInterfaceOrientationLandscapeRight";
				INFOPLIST_KEY_UISupportedInterfaceOrientations_iPhone = "UIInterfaceOrientationPortrait UIInterfaceOrientationLandscapeLeft UIInterfaceOrientationLandscapeRight";
				LD_RUNPATH_SEARCH_PATHS = (
					"$(inherited)",
					"@executable_path/Frameworks",
				);
				MARKETING_VERSION = 1.0;
				PRODUCT_BUNDLE_IDENTIFIER = com.yourcompany.companion;
				PRODUCT_NAME = "$(TARGET_NAME)";
				SUPPORTED_PLATFORMS = "iphoneos iphonesimulator macosx";
				SUPPORTS_MACCATALYST = YES;
				SUPPORTS_MAC_DESIGNED_FOR_IPHONE_IPAD = NO;
				SWIFT_EMIT_LOC_STRINGS = YES;
				SWIFT_VERSION = 5.0;
				TARGETED_DEVICE_FAMILY = "1,2,6";
			};
			name = Release;
		};
/* End XCBuildConfiguration section */

/* Begin XCConfigurationList section */
		A1234567890ABCDEF019 /* Build configuration list for PBXNativeTarget "Companion" */ = {
			isa = XCConfigurationList;
			buildConfigurations = (
				A1234567890ABCDEF026 /* Debug */,
				A1234567890ABCDEF027 /* Release */,
			);
			defaultConfigurationIsVisible = 0;
			defaultConfigurationName = Release;
		};
		A1234567890ABCDEF023 /* Build configuration list for PBXProject "Companion" */ = {
			isa = XCConfigurationList;
			buildConfigurations = (
				A1234567890ABCDEF024 /* Debug */,
				A1234567890ABCDEF025 /* Release */,
			);
			defaultConfigurationIsVisible = 0;
			defaultConfigurationName = Release;
		};
/* End XCConfigurationList section */
	};
	rootObject = A1234567890ABCDEF022 /* Project object */;
}
